
Microsoft Visual Studio Solution File, Format Version 10.00
# Visual Studio 2008
Project("{FAE04EC0-301F-11D3-BF4B-00C04F79EFBC}") = "DataTransfer", "DataTransfer\DataTransfer.csproj", "{11CF00A4-2E4D-4741-8B34-B1EA57653ACC}"
EndProject
Global
	GlobalSection(SolutionConfigurationPlatforms) = preSolution
		Debug|Any CPU = Debug|Any CPU
		Release|Any CPU = Release|Any CPU
	EndGlobalSection
	GlobalSection(ProjectConfigurationPlatforms) = postSolution
		{11CF00A4-2E4D-4741-8B34-B1EA57653ACC}.Debug|Any CPU.ActiveCfg = Debug|Any CPU
		{11CF00A4-2E4D-4741-8B34-B1EA57653ACC}.Debug|Any CPU.Build.0 = Debug|Any CPU
		{11CF00A4-2E4D-4741-8B34-B1EA57653ACC}.Release|Any CPU.ActiveCfg = Release|Any CPU
		{11CF00A4-2E4D-4741-8B34-B1EA57653ACC}.Release|Any CPU.Build.0 = Release|Any CPU
	EndGlobalSection
	GlobalSection(SolutionProperties) = preSolution
		HideSolutionNode = FALSE
	EndGlobalSection
EndGlobal
